
Microsoft Visual Studio Solution File, Format Version 12.00
# Visual Studio 15
VisualStudioVersion = 15.0.28307.421
MinimumVisualStudioVersion = 10.0.40219.1
Project("{FAE04EC0-301F-11D3-BF4B-00C04F79EFBC}") = "AlbumInfo.API", "AlbumInfo.API\AlbumInfo.API.csproj", "{5196CB10-D83D-4EF9-B119-36E07869614D}"
EndProject
Global
	GlobalSection(SolutionConfigurationPlatforms) = preSolution
		Debug|Any CPU = Debug|Any CPU
		Release|Any CPU = Release|Any CPU
	EndGlobalSection
	GlobalSection(ProjectConfigurationPlatforms) = postSolution
		{5196CB10-D83D-4EF9-B119-36E07869614D}.Debug|Any CPU.ActiveCfg = Debug|Any CPU
		{5196CB10-D83D-4EF9-B119-36E07869614D}.Debug|Any CPU.Build.0 = Debug|Any CPU
		{5196CB10-D83D-4EF9-B119-36E07869614D}.Release|Any CPU.ActiveCfg = Release|Any CPU
		{5196CB10-D83D-4EF9-B119-36E07869614D}.Release|Any CPU.Build.0 = Release|Any CPU
	EndGlobalSection
	GlobalSection(SolutionProperties) = preSolution
		HideSolutionNode = FALSE
	EndGlobalSection
	GlobalSection(ExtensibilityGlobals) = postSolution
		SolutionGuid = {8920236F-DD8A-46AA-9855-39D7121D06A3}
	EndGlobalSection
EndGlobal
